
Microsoft Visual Studio Solution File, Format Version 12.00
# Visual Studio Version 17
VisualStudioVersion = 17.13.35825.156
MinimumVisualStudioVersion = 10.0.40219.1
Project("{FAE04EC0-301F-11D3-BF4B-00C04F79EFBC}") = "FNBReservation.Portal", "FNBReservation.Portal\FNBReservation.Portal.csproj", "{26ADA914-92BF-4EC6-848F-81C4C5A81D1B}"
EndProject
Project("{FAE04EC0-301F-11D3-BF4B-00C04F79EFBC}") = "FNBReservation.SharedKernel", "FNBReservation.SharedKernel\FNBReservation.SharedKernel.csproj", "{2880A9C9-1174-4E17-AF48-25AA13727B55}"
EndProject
Project("{2150E333-8FDC-42A3-9474-1A3956D46DE8}") = "Solution Items", "Solution Items", "{8EC462FD-D22E-90A8-E5CE-7E832BA40C5D}"
	ProjectSection(SolutionItems) = preProject
		.env = .env
		.gitignore = .gitignore
		deploy-fnb.sh = deploy-fnb.sh
		docker-compose.yml = docker-compose.yml
	EndProjectSection
EndProject
Project("{2150E333-8FDC-42A3-9474-1A3956D46DE8}") = "Modules", "Modules", "{02EA681E-C7D8-13C7-8484-4AC65E1B71E8}"
EndProject
Project("{2150E333-8FDC-42A3-9474-1A3956D46DE8}") = "Authentication", "Authentication", "{8AA97CE2-1FFE-4D53-BCCF-8E29AF267E61}"
EndProject
Project("{FAE04EC0-301F-11D3-BF4B-00C04F79EFBC}") = "FNBReservation.Modules.Authentication.API", "FNBReservation.Modules.Authentication.API\FNBReservation.Modules.Authentication.API.csproj", "{13A43036-6541-42D4-937C-6D92D259F438}"
EndProject
Project("{FAE04EC0-301F-11D3-BF4B-00C04F79EFBC}") = "FNBReservation.Modules.Authentication.Infrastructure", "FNBReservation.Modules.Authentication.Infrastructure\FNBReservation.Modules.Authentication.Infrastructure.csproj", "{3645F633-42B4-4DD6-AFA8-AEE0DCC20EBB}"
EndProject
Project("{FAE04EC0-301F-11D3-BF4B-00C04F79EFBC}") = "FNBReservation.MainAPI", "FNBReservation.MainAPI\FNBReservation.MainAPI.csproj", "{88D32BBE-28AC-4789-ABBB-845C211F16F2}"
EndProject
Project("{FAE04EC0-301F-11D3-BF4B-00C04F79EFBC}") = "FNBReservation.Modules.Authentication.Core", "FNBReservation.Modules.Authentication.Core\FNBReservation.Modules.Authentication.Core.csproj", "{074F7352-9365-4BEF-8D78-7FCA03FF365F}"
EndProject
Project("{2150E333-8FDC-42A3-9474-1A3956D46DE8}") = "Outlet", "Outlet", "{3CC3185F-68FB-401B-B61B-C7361EFBAFB4}"
EndProject
Project("{FAE04EC0-301F-11D3-BF4B-00C04F79EFBC}") = "FNBReservation.Modules.Outlet.Core", "FNBReservation.Modules.Outlet.Core\FNBReservation.Modules.Outlet.Core.csproj", "{11CDF9CE-725A-4848-B284-3593FB565719}"
EndProject
Project("{FAE04EC0-301F-11D3-BF4B-00C04F79EFBC}") = "FNBReservation.Modules.Outlet.Infrastructure", "FNBReservation.Modules.Outlet.Infrastructure\FNBReservation.Modules.Outlet.Infrastructure.csproj", "{FDB7F2F8-E05C-44ED-8D5E-D67F912B8F2C}"
EndProject
Project("{FAE04EC0-301F-11D3-BF4B-00C04F79EFBC}") = "FNBReservation.Modules.Outlet.API", "FNBReservation.Modules.Outlet.API\FNBReservation.Modules.Outlet.API.csproj", "{1643CA8D-ED73-4AE6-A518-52B419141BDD}"
EndProject
Project("{2150E333-8FDC-42A3-9474-1A3956D46DE8}") = "Reservation", "Reservation", "{C8E794D0-A50E-4078-B3A7-DB111CA88060}"
EndProject
Project("{FAE04EC0-301F-11D3-BF4B-00C04F79EFBC}") = "FNBReservation.Modules.Reservation.Core", "FNBReservation.Modules.Reservation.Core\FNBReservation.Modules.Reservation.Core.csproj", "{C218AF27-37AE-4E0C-AB1E-DFACB6CF51F8}"
EndProject
Project("{FAE04EC0-301F-11D3-BF4B-00C04F79EFBC}") = "FNBReservation.Modules.Reservation.Infrastructure", "FNBReservation.Modules.Reservation.Infrastructure\FNBReservation.Modules.Reservation.Infrastructure.csproj", "{7BCC1479-A974-4DBB-90C6-3B1CA0765548}"
EndProject
Project("{FAE04EC0-301F-11D3-BF4B-00C04F79EFBC}") = "FNBReservation.Modules.Reservation.API", "FNBReservation.Modules.Reservation.API\FNBReservation.Modules.Reservation.API.csproj", "{C45E6624-4D0C-4FA5-84BD-06DD30833A7C}"
EndProject
Project("{FAE04EC0-301F-11D3-BF4B-00C04F79EFBC}") = "FNBReservation.CustomerPortal.Server", "FNBReservation.CustomerPortal\FNBReservation.CustomerPortal.Server\FNBReservation.CustomerPortal.Server.csproj", "{074B8AB5-834E-8FD8-7BBB-B9FA1BC57C9E}"
EndProject
Project("{54A90642-561A-4BB1-A94E-469ADEE60C69}") = "fnbreservation.customerportal.client", "FNBReservation.CustomerPortal\fnbreservation.customerportal.client\fnbreservation.customerportal.client.esproj", "{C0BFE853-42CF-9C78-DD26-C6945A7B91E1}"
EndProject
Project("{2150E333-8FDC-42A3-9474-1A3956D46DE8}") = "Customer", "Customer", "{C61DED51-C5D6-4EDA-A56A-D97588DF80CB}"
EndProject
Project("{FAE04EC0-301F-11D3-BF4B-00C04F79EFBC}") = "FNBReservation.Modules.Customer.Core", "FNBReservation.Modules.Customer.Core\FNBReservation.Modules.Customer.Core.csproj", "{50AB01B4-2231-4E25-BAC1-D9A554C1A3E5}"
EndProject
Project("{FAE04EC0-301F-11D3-BF4B-00C04F79EFBC}") = "FNBReservation.Modules.Customer.Infrastructure", "FNBReservation.Modules.Customer.Infrastructure\FNBReservation.Modules.Customer.Infrastructure.csproj", "{D3FF8E31-321D-4CE2-B849-370FF20E0428}"
EndProject
Project("{FAE04EC0-301F-11D3-BF4B-00C04F79EFBC}") = "FNBReservation.Modules.Customer.API", "FNBReservation.Modules.Customer.API\FNBReservation.Modules.Customer.API.csproj", "{CBD9FE2A-308B-4CED-B9BD-4C4F12ABF6EA}"
EndProject
Project("{2150E333-8FDC-42A3-9474-1A3956D46DE8}") = "Queue", "Queue", "{261EDF70-98AF-4204-ADC2-215F9AFB91DD}"
EndProject
Project("{FAE04EC0-301F-11D3-BF4B-00C04F79EFBC}") = "FNBReservation.Modules.Queue.Core", "FNBReservation.Modules.Queue.Core\FNBReservation.Modules.Queue.Core.csproj", "{DB895776-8B68-42AA-B420-3DADC7443CBA}"
EndProject
Project("{FAE04EC0-301F-11D3-BF4B-00C04F79EFBC}") = "FNBReservation.Modules.Queue.Infrastructure", "FNBReservation.Modules.Queue.Infrastructure\FNBReservation.Modules.Queue.Infrastructure.csproj", "{94F0938D-15C7-4AB3-AD39-6E2B2C27F098}"
EndProject
Project("{FAE04EC0-301F-11D3-BF4B-00C04F79EFBC}") = "FNBReservation.Modules.Queue.API", "FNBReservation.Modules.Queue.API\FNBReservation.Modules.Queue.API.csproj", "{B655D019-14AE-4371-B934-70BBA9215AFD}"
EndProject
Project("{2150E333-8FDC-42A3-9474-1A3956D46DE8}") = "Notification", "Notification", "{5064D368-7244-4611-8713-2A1BBF5531A1}"
EndProject
Project("{FAE04EC0-301F-11D3-BF4B-00C04F79EFBC}") = "FNBReservation.Modules.Notification.Core", "FNBReservation.Modules.Notification.Core\FNBReservation.Modules.Notification.Core.csproj", "{E0E73765-1191-4F81-A4BF-A8484188FAF7}"
EndProject
Project("{FAE04EC0-301F-11D3-BF4B-00C04F79EFBC}") = "FNBReservation.Modules.Notification.Infrastructure", "FNBReservation.Modules.Notification.Infrastructure\FNBReservation.Modules.Notification.Infrastructure.csproj", "{87E3717F-8F83-4D5D-B8EA-55562BEAAD62}"
EndProject
Global
	GlobalSection(SolutionConfigurationPlatforms) = preSolution
		Debug|Any CPU = Debug|Any CPU
		Release|Any CPU = Release|Any CPU
	EndGlobalSection
	GlobalSection(ProjectConfigurationPlatforms) = postSolution
		{26ADA914-92BF-4EC6-848F-81C4C5A81D1B}.Debug|Any CPU.ActiveCfg = Debug|Any CPU
		{26ADA914-92BF-4EC6-848F-81C4C5A81D1B}.Debug|Any CPU.Build.0 = Debug|Any CPU
		{26ADA914-92BF-4EC6-848F-81C4C5A81D1B}.Release|Any CPU.ActiveCfg = Release|Any CPU
		{26ADA914-92BF-4EC6-848F-81C4C5A81D1B}.Release|Any CPU.Build.0 = Release|Any CPU
		{2880A9C9-1174-4E17-AF48-25AA13727B55}.Debug|Any CPU.ActiveCfg = Debug|Any CPU
		{2880A9C9-1174-4E17-AF48-25AA13727B55}.Debug|Any CPU.Build.0 = Debug|Any CPU
		{2880A9C9-1174-4E17-AF48-25AA13727B55}.Release|Any CPU.ActiveCfg = Release|Any CPU
		{2880A9C9-1174-4E17-AF48-25AA13727B55}.Release|Any CPU.Build.0 = Release|Any CPU
		{13A43036-6541-42D4-937C-6D92D259F438}.Debug|Any CPU.ActiveCfg = Debug|Any CPU
		{13A43036-6541-42D4-937C-6D92D259F438}.Debug|Any CPU.Build.0 = Debug|Any CPU
		{13A43036-6541-42D4-937C-6D92D259F438}.Release|Any CPU.ActiveCfg = Release|Any CPU
		{13A43036-6541-42D4-937C-6D92D259F438}.Release|Any CPU.Build.0 = Release|Any CPU
		{3645F633-42B4-4DD6-AFA8-AEE0DCC20EBB}.Debug|Any CPU.ActiveCfg = Debug|Any CPU
		{3645F633-42B4-4DD6-AFA8-AEE0DCC20EBB}.Debug|Any CPU.Build.0 = Debug|Any CPU
		{3645F633-42B4-4DD6-AFA8-AEE0DCC20EBB}.Release|Any CPU.ActiveCfg = Release|Any CPU
		{3645F633-42B4-4DD6-AFA8-AEE0DCC20EBB}.Release|Any CPU.Build.0 = Release|Any CPU
		{88D32BBE-28AC-4789-ABBB-845C211F16F2}.Debug|Any CPU.ActiveCfg = Debug|Any CPU
		{88D32BBE-28AC-4789-ABBB-845C211F16F2}.Debug|Any CPU.Build.0 = Debug|Any CPU
		{88D32BBE-28AC-4789-ABBB-845C211F16F2}.Release|Any CPU.ActiveCfg = Release|Any CPU
		{88D32BBE-28AC-4789-ABBB-845C211F16F2}.Release|Any CPU.Build.0 = Release|Any CPU
		{074F7352-9365-4BEF-8D78-7FCA03FF365F}.Debug|Any CPU.ActiveCfg = Debug|Any CPU
		{074F7352-9365-4BEF-8D78-7FCA03FF365F}.Debug|Any CPU.Build.0 = Debug|Any CPU
		{074F7352-9365-4BEF-8D78-7FCA03FF365F}.Release|Any CPU.ActiveCfg = Release|Any CPU
		{074F7352-9365-4BEF-8D78-7FCA03FF365F}.Release|Any CPU.Build.0 = Release|Any CPU
		{11CDF9CE-725A-4848-B284-3593FB565719}.Debug|Any CPU.ActiveCfg = Debug|Any CPU
		{11CDF9CE-725A-4848-B284-3593FB565719}.Debug|Any CPU.Build.0 = Debug|Any CPU
		{11CDF9CE-725A-4848-B284-3593FB565719}.Release|Any CPU.ActiveCfg = Release|Any CPU
		{11CDF9CE-725A-4848-B284-3593FB565719}.Release|Any CPU.Build.0 = Release|Any CPU
		{FDB7F2F8-E05C-44ED-8D5E-D67F912B8F2C}.Debug|Any CPU.ActiveCfg = Debug|Any CPU
		{FDB7F2F8-E05C-44ED-8D5E-D67F912B8F2C}.Debug|Any CPU.Build.0 = Debug|Any CPU
		{FDB7F2F8-E05C-44ED-8D5E-D67F912B8F2C}.Release|Any CPU.ActiveCfg = Release|Any CPU
		{FDB7F2F8-E05C-44ED-8D5E-D67F912B8F2C}.Release|Any CPU.Build.0 = Release|Any CPU
		{1643CA8D-ED73-4AE6-A518-52B419141BDD}.Debug|Any CPU.ActiveCfg = Debug|Any CPU
		{1643CA8D-ED73-4AE6-A518-52B419141BDD}.Debug|Any CPU.Build.0 = Debug|Any CPU
		{1643CA8D-ED73-4AE6-A518-52B419141BDD}.Release|Any CPU.ActiveCfg = Release|Any CPU
		{1643CA8D-ED73-4AE6-A518-52B419141BDD}.Release|Any CPU.Build.0 = Release|Any CPU
		{C218AF27-37AE-4E0C-AB1E-DFACB6CF51F8}.Debug|Any CPU.ActiveCfg = Debug|Any CPU
		{C218AF27-37AE-4E0C-AB1E-DFACB6CF51F8}.Debug|Any CPU.Build.0 = Debug|Any CPU
		{C218AF27-37AE-4E0C-AB1E-DFACB6CF51F8}.Release|Any CPU.ActiveCfg = Release|Any CPU
		{C218AF27-37AE-4E0C-AB1E-DFACB6CF51F8}.Release|Any CPU.Build.0 = Release|Any CPU
		{7BCC1479-A974-4DBB-90C6-3B1CA0765548}.Debug|Any CPU.ActiveCfg = Debug|Any CPU
		{7BCC1479-A974-4DBB-90C6-3B1CA0765548}.Debug|Any CPU.Build.0 = Debug|Any CPU
		{7BCC1479-A974-4DBB-90C6-3B1CA0765548}.Release|Any CPU.ActiveCfg = Release|Any CPU
		{7BCC1479-A974-4DBB-90C6-3B1CA0765548}.Release|Any CPU.Build.0 = Release|Any CPU
		{C45E6624-4D0C-4FA5-84BD-06DD30833A7C}.Debug|Any CPU.ActiveCfg = Debug|Any CPU
		{C45E6624-4D0C-4FA5-84BD-06DD30833A7C}.Debug|Any CPU.Build.0 = Debug|Any CPU
		{C45E6624-4D0C-4FA5-84BD-06DD30833A7C}.Release|Any CPU.ActiveCfg = Release|Any CPU
		{C45E6624-4D0C-4FA5-84BD-06DD30833A7C}.Release|Any CPU.Build.0 = Release|Any CPU
		{074B8AB5-834E-8FD8-7BBB-B9FA1BC57C9E}.Debug|Any CPU.ActiveCfg = Debug|Any CPU
		{074B8AB5-834E-8FD8-7BBB-B9FA1BC57C9E}.Debug|Any CPU.Build.0 = Debug|Any CPU
		{074B8AB5-834E-8FD8-7BBB-B9FA1BC57C9E}.Release|Any CPU.ActiveCfg = Release|Any CPU
		{074B8AB5-834E-8FD8-7BBB-B9FA1BC57C9E}.Release|Any CPU.Build.0 = Release|Any CPU
		{C0BFE853-42CF-9C78-DD26-C6945A7B91E1}.Debug|Any CPU.ActiveCfg = Debug|Any CPU
		{C0BFE853-42CF-9C78-DD26-C6945A7B91E1}.Debug|Any CPU.Build.0 = Debug|Any CPU
		{C0BFE853-42CF-9C78-DD26-C6945A7B91E1}.Debug|Any CPU.Deploy.0 = Debug|Any CPU
		{C0BFE853-42CF-9C78-DD26-C6945A7B91E1}.Release|Any CPU.ActiveCfg = Release|Any CPU
		{C0BFE853-42CF-9C78-DD26-C6945A7B91E1}.Release|Any CPU.Build.0 = Release|Any CPU
		{C0BFE853-42CF-9C78-DD26-C6945A7B91E1}.Release|Any CPU.Deploy.0 = Release|Any CPU
		{50AB01B4-2231-4E25-BAC1-D9A554C1A3E5}.Debug|Any CPU.ActiveCfg = Debug|Any CPU
		{50AB01B4-2231-4E25-BAC1-D9A554C1A3E5}.Debug|Any CPU.Build.0 = Debug|Any CPU
		{50AB01B4-2231-4E25-BAC1-D9A554C1A3E5}.Release|Any CPU.ActiveCfg = Release|Any CPU
		{50AB01B4-2231-4E25-BAC1-D9A554C1A3E5}.Release|Any CPU.Build.0 = Release|Any CPU
		{D3FF8E31-321D-4CE2-B849-370FF20E0428}.Debug|Any CPU.ActiveCfg = Debug|Any CPU
		{D3FF8E31-321D-4CE2-B849-370FF20E0428}.Debug|Any CPU.Build.0 = Debug|Any CPU
		{D3FF8E31-321D-4CE2-B849-370FF20E0428}.Release|Any CPU.ActiveCfg = Release|Any CPU
		{D3FF8E31-321D-4CE2-B849-370FF20E0428}.Release|Any CPU.Build.0 = Release|Any CPU
		{CBD9FE2A-308B-4CED-B9BD-4C4F12ABF6EA}.Debug|Any CPU.ActiveCfg = Debug|Any CPU
		{CBD9FE2A-308B-4CED-B9BD-4C4F12ABF6EA}.Debug|Any CPU.Build.0 = Debug|Any CPU
		{CBD9FE2A-308B-4CED-B9BD-4C4F12ABF6EA}.Release|Any CPU.ActiveCfg = Release|Any CPU
		{CBD9FE2A-308B-4CED-B9BD-4C4F12ABF6EA}.Release|Any CPU.Build.0 = Release|Any CPU
		{DB895776-8B68-42AA-B420-3DADC7443CBA}.Debug|Any CPU.ActiveCfg = Debug|Any CPU
		{DB895776-8B68-42AA-B420-3DADC7443CBA}.Debug|Any CPU.Build.0 = Debug|Any CPU
		{DB895776-8B68-42AA-B420-3DADC7443CBA}.Release|Any CPU.ActiveCfg = Release|Any CPU
		{DB895776-8B68-42AA-B420-3DADC7443CBA}.Release|Any CPU.Build.0 = Release|Any CPU
		{94F0938D-15C7-4AB3-AD39-6E2B2C27F098}.Debug|Any CPU.ActiveCfg = Debug|Any CPU
		{94F0938D-15C7-4AB3-AD39-6E2B2C27F098}.Debug|Any CPU.Build.0 = Debug|Any CPU
		{94F0938D-15C7-4AB3-AD39-6E2B2C27F098}.Release|Any CPU.ActiveCfg = Release|Any CPU
		{94F0938D-15C7-4AB3-AD39-6E2B2C27F098}.Release|Any CPU.Build.0 = Release|Any CPU
		{B655D019-14AE-4371-B934-70BBA9215AFD}.Debug|Any CPU.ActiveCfg = Debug|Any CPU
		{B655D019-14AE-4371-B934-70BBA9215AFD}.Debug|Any CPU.Build.0 = Debug|Any CPU
		{B655D019-14AE-4371-B934-70BBA9215AFD}.Release|Any CPU.ActiveCfg = Release|Any CPU
		{B655D019-14AE-4371-B934-70BBA9215AFD}.Release|Any CPU.Build.0 = Release|Any CPU
		{E0E73765-1191-4F81-A4BF-A8484188FAF7}.Debug|Any CPU.ActiveCfg = Debug|Any CPU
		{E0E73765-1191-4F81-A4BF-A8484188FAF7}.Debug|Any CPU.Build.0 = Debug|Any CPU
		{E0E73765-1191-4F81-A4BF-A8484188FAF7}.Release|Any CPU.ActiveCfg = Release|Any CPU
		{E0E73765-1191-4F81-A4BF-A8484188FAF7}.Release|Any CPU.Build.0 = Release|Any CPU
		{87E3717F-8F83-4D5D-B8EA-55562BEAAD62}.Debug|Any CPU.ActiveCfg = Debug|Any CPU
		{87E3717F-8F83-4D5D-B8EA-55562BEAAD62}.Debug|Any CPU.Build.0 = Debug|Any CPU
		{87E3717F-8F83-4D5D-B8EA-55562BEAAD62}.Release|Any CPU.ActiveCfg = Release|Any CPU
		{87E3717F-8F83-4D5D-B8EA-55562BEAAD62}.Release|Any CPU.Build.0 = Release|Any CPU
	EndGlobalSection
	GlobalSection(SolutionProperties) = preSolution
		HideSolutionNode = FALSE
	EndGlobalSection
	GlobalSection(NestedProjects) = preSolution
		{8AA97CE2-1FFE-4D53-BCCF-8E29AF267E61} = {02EA681E-C7D8-13C7-8484-4AC65E1B71E8}
		{13A43036-6541-42D4-937C-6D92D259F438} = {8AA97CE2-1FFE-4D53-BCCF-8E29AF267E61}
		{3645F633-42B4-4DD6-AFA8-AEE0DCC20EBB} = {8AA97CE2-1FFE-4D53-BCCF-8E29AF267E61}
		{074F7352-9365-4BEF-8D78-7FCA03FF365F} = {8AA97CE2-1FFE-4D53-BCCF-8E29AF267E61}
		{3CC3185F-68FB-401B-B61B-C7361EFBAFB4} = {02EA681E-C7D8-13C7-8484-4AC65E1B71E8}
		{11CDF9CE-725A-4848-B284-3593FB565719} = {3CC3185F-68FB-401B-B61B-C7361EFBAFB4}
		{FDB7F2F8-E05C-44ED-8D5E-D67F912B8F2C} = {3CC3185F-68FB-401B-B61B-C7361EFBAFB4}
		{1643CA8D-ED73-4AE6-A518-52B419141BDD} = {3CC3185F-68FB-401B-B61B-C7361EFBAFB4}
		{C8E794D0-A50E-4078-B3A7-DB111CA88060} = {02EA681E-C7D8-13C7-8484-4AC65E1B71E8}
		{C218AF27-37AE-4E0C-AB1E-DFACB6CF51F8} = {C8E794D0-A50E-4078-B3A7-DB111CA88060}
		{7BCC1479-A974-4DBB-90C6-3B1CA0765548} = {C8E794D0-A50E-4078-B3A7-DB111CA88060}
		{C45E6624-4D0C-4FA5-84BD-06DD30833A7C} = {C8E794D0-A50E-4078-B3A7-DB111CA88060}
		{C61DED51-C5D6-4EDA-A56A-D97588DF80CB} = {02EA681E-C7D8-13C7-8484-4AC65E1B71E8}
		{50AB01B4-2231-4E25-BAC1-D9A554C1A3E5} = {C61DED51-C5D6-4EDA-A56A-D97588DF80CB}
		{D3FF8E31-321D-4CE2-B849-370FF20E0428} = {C61DED51-C5D6-4EDA-A56A-D97588DF80CB}
		{CBD9FE2A-308B-4CED-B9BD-4C4F12ABF6EA} = {C61DED51-C5D6-4EDA-A56A-D97588DF80CB}
		{261EDF70-98AF-4204-ADC2-215F9AFB91DD} = {02EA681E-C7D8-13C7-8484-4AC65E1B71E8}
		{DB895776-8B68-42AA-B420-3DADC7443CBA} = {261EDF70-98AF-4204-ADC2-215F9AFB91DD}
		{94F0938D-15C7-4AB3-AD39-6E2B2C27F098} = {261EDF70-98AF-4204-ADC2-215F9AFB91DD}
		{B655D019-14AE-4371-B934-70BBA9215AFD} = {261EDF70-98AF-4204-ADC2-215F9AFB91DD}
		{5064D368-7244-4611-8713-2A1BBF5531A1} = {02EA681E-C7D8-13C7-8484-4AC65E1B71E8}
		{E0E73765-1191-4F81-A4BF-A8484188FAF7} = {5064D368-7244-4611-8713-2A1BBF5531A1}
		{87E3717F-8F83-4D5D-B8EA-55562BEAAD62} = {5064D368-7244-4611-8713-2A1BBF5531A1}
	EndGlobalSection
	GlobalSection(ExtensibilityGlobals) = postSolution
		SolutionGuid = {2E6A2BDF-3BE3-477B-A609-511A5C0E1B08}
	EndGlobalSection
EndGlobal
